// !$*UTF8*$!
{
	archiveVersion = 1;
	classes = {
	};
	objectVersion = 50;
	objects = {

/* Begin PBXBuildFile section */
		1E411C8A21726A5900261C9B /* CounterView.swift in Sources */ = {isa = PBXBuildFile; fileRef = 1E411C8921726A5900261C9B /* CounterView.swift */; };
		1EE060FF21724C9B0051148D /* AppDelegate.swift in Sources */ = {isa = PBXBuildFile; fileRef = 1EE060FE21724C9B0051148D /* AppDelegate.swift */; };
		1EE0610121724C9B0051148D /* ViewController.swift in Sources */ = {isa = PBXBuildFile; fileRef = 1EE0610021724C9B0051148D /* ViewController.swift */; };
		1EE0610421724C9B0051148D /* Main.storyboard in Resources */ = {isa = PBXBuildFile; fileRef = 1EE0610221724C9B0051148D /* Main.storyboard */; };
		1EE0610621724C9C0051148D /* Assets.xcassets in Resources */ = {isa = PBXBuildFile; fileRef = 1EE0610521724C9C0051148D /* Assets.xcassets */; };
		1EE0610921724C9C0051148D /* LaunchScreen.storyboard in Resources */ = {isa = PBXBuildFile; fileRef = 1EE0610721724C9C0051148D /* LaunchScreen.storyboard */; };
		1EE0611121724D5D0051148D /* ActionButton.swift in Sources */ = {isa = PBXBuildFile; fileRef = 1EE0611021724D5D0051148D /* ActionButton.swift */; };
/* End PBXBuildFile section */

/* Begin PBXFileReference section */
		1E411C8921726A5900261C9B /* CounterView.swift */ = {isa = PBXFileReference; lastKnownFileType = sourcecode.swift; path = CounterView.swift; sourceTree = "<group>"; };
		1EE060FB21724C9B0051148D /* WaterCounter.app */ = {isa = PBXFileReference; explicitFileType = wrapper.application; includeInIndex = 0; path = WaterCounter.app; sourceTree = BUILT_PRODUCTS_DIR; };
		1EE060FE21724C9B0051148D /* AppDelegate.swift */ = {isa = PBXFileReference; lastKnownFileType = sourcecode.swift; path = AppDelegate.swift; sourceTree = "<group>"; };
		1EE0610021724C9B0051148D /* ViewController.swift */ = {isa = PBXFileReference; lastKnownFileType = sourcecode.swift; path = ViewController.swift; sourceTree = "<group>"; };
		1EE0610321724C9B0051148D /* Base */ = {isa = PBXFileReference; lastKnownFileType = file.storyboard; name = Base; path = Base.lproj/Main.storyboard; sourceTree = "<group>"; };
		1EE0610521724C9C0051148D /* Assets.xcassets */ = {isa = PBXFileReference; lastKnownFileType = folder.assetcatalog; path = Assets.xcassets; sourceTree = "<group>"; };
		1EE0610821724C9C0051148D /* Base */ = {isa = PBXFileReference; lastKnownFileType = file.storyboard; name = Base; path = Base.lproj/LaunchScreen.storyboard; sourceTree = "<group>"; };
		1EE0610A21724C9C0051148D /* Info.plist */ = {isa = PBXFileReference; lastKnownFileType = text.plist.xml; path = Info.plist; sourceTree = "<group>"; };
		1EE0611021724D5D0051148D /* ActionButton.swift */ = {isa = PBXFileReference; lastKnownFileType = sourcecode.swift; path = ActionButton.swift; sourceTree = "<group>"; };
/* End PBXFileReference section */

/* Begin PBXFrameworksBuildPhase section */
		1EE060F821724C9B0051148D /* Frameworks */ = {
			isa = PBXFrameworksBuildPhase;
			buildActionMask = 2147483647;
			files = (
			);
			runOnlyForDeploymentPostprocessing = 0;
		};
/* End PBXFrameworksBuildPhase section */

/* Begin PBXGroup section */
		1EE060F221724C9B0051148D = {
			isa = PBXGroup;
			children = (
				1EE060FD21724C9B0051148D /* WaterCounter */,
				1EE060FC21724C9B0051148D /* Products */,
			);
			sourceTree = "<group>";
		};
		1EE060FC21724C9B0051148D /* Products */ = {
			isa = PBXGroup;
			children = (
				1EE060FB21724C9B0051148D /* WaterCounter.app */,
			);
			name = Products;
			sourceTree = "<group>";
		};
		1EE060FD21724C9B0051148D /* WaterCounter */ = {
			isa = PBXGroup;
			children = (
				1EE060FE21724C9B0051148D /* AppDelegate.swift */,
				1EE0610021724C9B0051148D /* ViewController.swift */,
				1EE0610221724C9B0051148D /* Main.storyboard */,
				1E411C8921726A5900261C9B /* CounterView.swift */,
				1EE0611021724D5D0051148D /* ActionButton.swift */,
				1EE0610521724C9C0051148D /* Assets.xcassets */,
				1EE0610721724C9C0051148D /* LaunchScreen.storyboard */,
				1EE0610A21724C9C0051148D /* Info.plist */,
			);
			path = WaterCounter;
			sourceTree = "<group>";
		};
/* End PBXGroup section */

/* Begin PBXNativeTarget section */
		1EE060FA21724C9B0051148D /* WaterCounter */ = {
			isa = PBXNativeTarget;
			buildConfigurationList = 1EE0610D21724C9C0051148D /* Build configuration list for PBXNativeTarget "WaterCounter" */;
			buildPhases = (
				1EE060F721724C9B0051148D /* Sources */,
				1EE060F821724C9B0051148D /* Frameworks */,
				1EE060F921724C9B0051148D /* Resources */,
			);
			buildRules = (
			);
			dependencies = (
			);
			name = WaterCounter;
			productName = WaterCounter;
			productReference = 1EE060FB21724C9B0051148D /* WaterCounter.app */;
			productType = "com.apple.product-type.application";
		};
/* End PBXNativeTarget section */

/* Begin PBXProject section */
		1EE060F321724C9B0051148D /* Project object */ = {
			isa = PBXProject;
			attributes = {
				LastSwiftUpdateCheck = 0940;
				LastUpgradeCheck = 0940;
				ORGANIZATIONNAME = Ricardo_Abraham_Desiderio_Diplomado;
				TargetAttributes = {
					1EE060FA21724C9B0051148D = {
						CreatedOnToolsVersion = 9.4.1;
					};
				};
			};
			buildConfigurationList = 1EE060F621724C9B0051148D /* Build configuration list for PBXProject "WaterCounter" */;
			compatibilityVersion = "Xcode 9.3";
			developmentRegion = en;
			hasScannedForEncodings = 0;
			knownRegions = (
				en,
				Base,
			);
			mainGroup = 1EE060F221724C9B0051148D;
			productRefGroup = 1EE060FC21724C9B0051148D /* Products */;
			projectDirPath = "";
			projectRoot = "";
			targets = (
				1EE060FA21724C9B0051148D /* WaterCounter */,
			);
		};
/* End PBXProject section */

/* Begin PBXResourcesBuildPhase section */
		1EE060F921724C9B0051148D /* Resources */ = {
			isa = PBXResourcesBuildPhase;
			buildActionMask = 2147483647;
			files = (
				1EE0610921724C9C0051148D /* LaunchScreen.storyboard in Resources */,
				1EE0610621724C9C0051148D /* Assets.xcassets in Resources */,
				1EE0610421724C9B0051148D /* Main.storyboard in Resources */,
			);
			runOnlyForDeploymentPostprocessing = 0;
		};
/* End PBXResourcesBuildPhase section */

/* Begin PBXSourcesBuildPhase section */
		1EE060F721724C9B0051148D /* Sources */ = {
			isa = PBXSourcesBuildPhase;
			buildActionMask = 2147483647;
			files = (
				1EE0610121724C9B0051148D /* ViewController.swift in Sources */,
				1EE060FF21724C9B0051148D /* AppDelegate.swift in Sources */,
				1EE0611121724D5D0051148D /* ActionButton.swift in Sources */,
				1E411C8A21726A5900261C9B /* CounterView.swift in Sources */,
			);
			runOnlyForDeploymentPostprocessing = 0;
		};
/* End PBXSourcesBuildPhase section */

/* Begin PBXVariantGroup section */
		1EE0610221724C9B0051148D /* Main.storyboard */ = {
			isa = PBXVariantGroup;
			children = (
				1EE0610321724C9B0051148D /* Base */,
			);
			name = Main.storyboard;
			sourceTree = "<group>";
		};
		1EE0610721724C9C0051148D /* LaunchScreen.storyboard */ = {
			isa = PBXVariantGroup;
			children = (
				1EE0610821724C9C0051148D /* Base */,
			);
			name = LaunchScreen.storyboard;
			sourceTree = "<group>";
		};
/* End PBXVariantGroup section */

/* Begin XCBuildConfiguration section */
		1EE0610B21724C9C0051148D /* Debug */ = {
			isa = XCBuildConfiguration;
			buildSettings = {
				ALWAYS_SEARCH_USER_PATHS = NO;
				CLANG_ANALYZER_NONNULL = YES;
				CLANG_ANALYZER_NUMBER_OBJECT_CONVERSION = YES_AGGRESSIVE;
				CLANG_CXX_LANGUAGE_STANDARD = "gnu++14";
				CLANG_CXX_LIBRARY = "libc++";
				CLANG_ENABLE_MODULES = YES;
				CLANG_ENABLE_OBJC_ARC = YES;
				CLANG_ENABLE_OBJC_WEAK = YES;
				CLANG_WARN_BLOCK_CAPTURE_AUTORELEASING = YES;
				CLANG_WARN_BOOL_CONVERSION = YES;
				CLANG_WARN_COMMA = YES;
				CLANG_WARN_CONSTANT_CONVERSION = YES;
				CLANG_WARN_DEPRECATED_OBJC_IMPLEMENTATIONS = YES;
				CLANG_WARN_DIRECT_OBJC_ISA_USAGE = YES_ERROR;
				CLANG_WARN_DOCUMENTATION_COMMENTS = YES;
				CLANG_WARN_EMPTY_BODY = YES;
				CLANG_WARN_ENUM_CONVERSION = YES;
				CLANG_WARN_INFINITE_RECURSION = YES;
				CLANG_WARN_INT_CONVERSION = YES;
				CLANG_WARN_NON_LITERAL_NULL_CONVERSION = YES;
				CLANG_WARN_OBJC_IMPLICIT_RETAIN_SELF = YES;
				CLANG_WARN_OBJC_LITERAL_CONVERSION = YES;
				CLANG_WARN_OBJC_ROOT_CLASS = YES_ERROR;
				CLANG_WARN_RANGE_LOOP_ANALYSIS = YES;
				CLANG_WARN_STRICT_PROTOTYPES = YES;
				CLANG_WARN_SUSPICIOUS_MOVE = YES;
				CLANG_WARN_UNGUARDED_AVAILABILITY = YES_AGGRESSIVE;
				CLANG_WARN_UNREACHABLE_CODE = YES;
				CLANG_WARN__DUPLICATE_METHOD_MATCH = YES;
				CODE_SIGN_IDENTITY = "iPhone Developer";
				COPY_PHASE_STRIP = NO;
				DEBUG_INFORMATION_FORMAT = dwarf;
				ENABLE_STRICT_OBJC_MSGSEND = YES;
				ENABLE_TESTABILITY = YES;
				GCC_C_LANGUAGE_STANDARD = gnu11;
				GCC_DYNAMIC_NO_PIC = NO;
				GCC_NO_COMMON_BLOCKS = YES;
				GCC_OPTIMIZATION_LEVEL = 0;
				GCC_PREPROCESSOR_DEFINITIONS = (
					"DEBUG=1",
					"$(inherited)",
				);
				GCC_WARN_64_TO_32_BIT_CONVERSION = YES;
				GCC_WARN_ABOUT_RETURN_TYPE = YES_ERROR;
				GCC_WARN_UNDECLARED_SELECTOR = YES;
				GCC_WARN_UNINITIALIZED_AUTOS = YES_AGGRESSIVE;
				GCC_WARN_UNUSED_FUNCTION = YES;
				GCC_WARN_UNUSED_VARIABLE = YES;
				IPHONEOS_DEPLOYMENT_TARGET = 11.4;
				MTL_ENABLE_DEBUG_INFO = YES;
				ONLY_ACTIVE_ARCH = YES;
				SDKROOT = iphoneos;
				SWIFT_ACTIVE_COMPILATION_CONDITIONS = DEBUG;
				SWIFT_OPTIMIZATION_LEVEL = "-Onone";
			};
			name = Debug;
		};
		1EE0610C21724C9C0051148D /* Release */ = {
			isa = XCBuildConfiguration;
			buildSettings = {
				ALWAYS_SEARCH_USER_PATHS = NO;
				CLANG_ANALYZER_NONNULL = YES;
				CLANG_ANALYZER_NUMBER_OBJECT_CONVERSION = YES_AGGRESSIVE;
				CLANG_CXX_LANGUAGE_STANDARD = "gnu++14";
				CLANG_CXX_LIBRARY = "libc++";
				CLANG_ENABLE_MODULES = YES;
				CLANG_ENABLE_OBJC_ARC = YES;
				CLANG_ENABLE_OBJC_WEAK = YES;
				CLANG_WARN_BLOCK_CAPTURE_AUTORELEASING = YES;
				CLANG_WARN_BOOL_CONVERSION = YES;
				CLANG_WARN_COMMA = YES;
				CLANG_WARN_CONSTANT_CONVERSION = YES;
				CLANG_WARN_DEPRECATED_OBJC_IMPLEMENTATIONS = YES;
				CLANG_WARN_DIRECT_OBJC_ISA_USAGE = YES_ERROR;
				CLANG_WARN_DOCUMENTATION_COMMENTS = YES;
				CLANG_WARN_EMPTY_BODY = YES;
				CLANG_WARN_ENUM_CONVERSION = YES;
				CLANG_WARN_INFINITE_RECURSION = YES;
				CLANG_WARN_INT_CONVERSION = YES;
				CLANG_WARN_NON_LITERAL_NULL_CONVERSION = YES;
				CLANG_WARN_OBJC_IMPLICIT_RETAIN_SELF = YES;
				CLANG_WARN_OBJC_LITERAL_CONVERSION = YES;
				CLANG_WARN_OBJC_ROOT_CLASS = YES_ERROR;
				CLANG_WARN_RANGE_LOOP_ANALYSIS = YES;
				CLANG_WARN_STRICT_PROTOTYPES = YES;
				CLANG_WARN_SUSPICIOUS_MOVE = YES;
				CLANG_WARN_UNGUARDED_AVAILABILITY = YES_AGGRESSIVE;
				CLANG_WARN_UNREACHABLE_CODE = YES;
				CLANG_WARN__DUPLICATE_METHOD_MATCH = YES;
				CODE_SIGN_IDENTITY = "iPhone Developer";
				COPY_PHASE_STRIP = NO;
				DEBUG_INFORMATION_FORMAT = "dwarf-with-dsym";
				ENABLE_NS_ASSERTIONS = NO;
				ENABLE_STRICT_OBJC_MSGSEND = YES;
				GCC_C_LANGUAGE_STANDARD = gnu11;
				GCC_NO_COMMON_BLOCKS = YES;
				GCC_WARN_64_TO_32_BIT_CONVERSION = YES;
				GCC_WARN_ABOUT_RETURN_TYPE = YES_ERROR;
				GCC_WARN_UNDECLARED_SELECTOR = YES;
				GCC_WARN_UNINITIALIZED_AUTOS = YES_AGGRESSIVE;
				GCC_WARN_UNUSED_FUNCTION = YES;
				GCC_WARN_UNUSED_VARIABLE = YES;
				IPHONEOS_DEPLOYMENT_TARGET = 11.4;
				MTL_ENABLE_DEBUG_INFO = NO;
				SDKROOT = iphoneos;
				SWIFT_COMPILATION_MODE = wholemodule;
				SWIFT_OPTIMIZATION_LEVEL = "-O";
				VALIDATE_PRODUCT = YES;
			};
			name = Release;
		};
		1EE0610E21724C9C0051148D /* Debug */ = {
			isa = XCBuildConfiguration;
			buildSettings = {
				ASSETCATALOG_COMPILER_APPICON_NAME = AppIcon;
				CODE_SIGN_STYLE = Automatic;
				INFOPLIST_FILE = WaterCounter/Info.plist;
				LD_RUNPATH_SEARCH_PATHS = (
					"$(inherited)",
					"@executable_path/Frameworks",
				);
				PRODUCT_BUNDLE_IDENTIFIER = RADG.WaterCounter;
				PRODUCT_NAME = "$(TARGET_NAME)";
				SWIFT_VERSION = 4.0;
				TARGETED_DEVICE_FAMILY = "1,2";
			};
			name = Debug;
		};
		1EE0610F21724C9C0051148D /* Release */ = {
			isa = XCBuildConfiguration;
			buildSettings = {
				ASSETCATALOG_COMPILER_APPICON_NAME = AppIcon;
				CODE_SIGN_STYLE = Automatic;
				INFOPLIST_FILE = WaterCounter/Info.plist;
				LD_RUNPATH_SEARCH_PATHS = (
					"$(inherited)",
					"@executable_path/Frameworks",
				);
				PRODUCT_BUNDLE_IDENTIFIER = RADG.WaterCounter;
				PRODUCT_NAME = "$(TARGET_NAME)";
				SWIFT_VERSION = 4.0;
				TARGETED_DEVICE_FAMILY = "1,2";
			};
			name = Release;
		};
/* End XCBuildConfiguration section */

/* Begin XCConfigurationList section */
		1EE060F621724C9B0051148D /* Build configuration list for PBXProject "WaterCounter" */ = {
			isa = XCConfigurationList;
			buildConfigurations = (
				1EE0610B21724C9C0051148D /* Debug */,
				1EE0610C21724C9C0051148D /* Release */,
			);
			defaultConfigurationIsVisible = 0;
			defaultConfigurationName = Release;
		};
		1EE0610D21724C9C0051148D /* Build configuration list for PBXNativeTarget "WaterCounter" */ = {
			isa = XCConfigurationList;
			buildConfigurations = (
				1EE0610E21724C9C0051148D /* Debug */,
				1EE0610F21724C9C0051148D /* Release */,
			);
			defaultConfigurationIsVisible = 0;
			defaultConfigurationName = Release;
		};
/* End XCConfigurationList section */
	};
	rootObject = 1EE060F321724C9B0051148D /* Project object */;
}
