// !$*UTF8*$!
{
	archiveVersion = 1;
	classes = {
	};
	objectVersion = 50;
	objects = {

/* Begin PBXBuildFile section */
		A7D516ED219F884200E6387F /* AppDelegate.swift in Sources */ = {isa = PBXBuildFile; fileRef = A7D516EC219F884200E6387F /* AppDelegate.swift */; };
		A7D516EF219F884200E6387F /* ViewController.swift in Sources */ = {isa = PBXBuildFile; fileRef = A7D516EE219F884200E6387F /* ViewController.swift */; };
		A7D516F2219F884200E6387F /* Main.storyboard in Resources */ = {isa = PBXBuildFile; fileRef = A7D516F0219F884200E6387F /* Main.storyboard */; };
		A7D516F4219F884400E6387F /* Assets.xcassets in Resources */ = {isa = PBXBuildFile; fileRef = A7D516F3219F884400E6387F /* Assets.xcassets */; };
		A7D516F7219F884400E6387F /* LaunchScreen.storyboard in Resources */ = {isa = PBXBuildFile; fileRef = A7D516F5219F884400E6387F /* LaunchScreen.storyboard */; };
		A7D51702219F884400E6387F /* FlickrSearchTests.swift in Sources */ = {isa = PBXBuildFile; fileRef = A7D51701219F884400E6387F /* FlickrSearchTests.swift */; };
		A7D5170D219F884400E6387F /* FlickrSearchUITests.swift in Sources */ = {isa = PBXBuildFile; fileRef = A7D5170C219F884400E6387F /* FlickrSearchUITests.swift */; };
		A7D5171E219F8C1800E6387F /* FlickrPhoto.swift in Sources */ = {isa = PBXBuildFile; fileRef = A7D5171B219F8C1800E6387F /* FlickrPhoto.swift */; };
		A7D5171F219F8C1800E6387F /* Flickr.swift in Sources */ = {isa = PBXBuildFile; fileRef = A7D5171C219F8C1800E6387F /* Flickr.swift */; };
		A7D51720219F8C1800E6387F /* FlickrSearchResults.swift in Sources */ = {isa = PBXBuildFile; fileRef = A7D5171D219F8C1800E6387F /* FlickrSearchResults.swift */; };
/* End PBXBuildFile section */

/* Begin PBXContainerItemProxy section */
		A7D516FE219F884400E6387F /* PBXContainerItemProxy */ = {
			isa = PBXContainerItemProxy;
			containerPortal = A7D516E1219F884200E6387F /* Project object */;
			proxyType = 1;
			remoteGlobalIDString = A7D516E8219F884200E6387F;
			remoteInfo = FlickrSearch;
		};
		A7D51709219F884400E6387F /* PBXContainerItemProxy */ = {
			isa = PBXContainerItemProxy;
			containerPortal = A7D516E1219F884200E6387F /* Project object */;
			proxyType = 1;
			remoteGlobalIDString = A7D516E8219F884200E6387F;
			remoteInfo = FlickrSearch;
		};
/* End PBXContainerItemProxy section */

/* Begin PBXFileReference section */
		A7D516E9219F884200E6387F /* FlickrSearch.app */ = {isa = PBXFileReference; explicitFileType = wrapper.application; includeInIndex = 0; path = FlickrSearch.app; sourceTree = BUILT_PRODUCTS_DIR; };
		A7D516EC219F884200E6387F /* AppDelegate.swift */ = {isa = PBXFileReference; lastKnownFileType = sourcecode.swift; path = AppDelegate.swift; sourceTree = "<group>"; };
		A7D516EE219F884200E6387F /* ViewController.swift */ = {isa = PBXFileReference; lastKnownFileType = sourcecode.swift; path = ViewController.swift; sourceTree = "<group>"; };
		A7D516F1219F884200E6387F /* Base */ = {isa = PBXFileReference; lastKnownFileType = file.storyboard; name = Base; path = Base.lproj/Main.storyboard; sourceTree = "<group>"; };
		A7D516F3219F884400E6387F /* Assets.xcassets */ = {isa = PBXFileReference; lastKnownFileType = folder.assetcatalog; path = Assets.xcassets; sourceTree = "<group>"; };
		A7D516F6219F884400E6387F /* Base */ = {isa = PBXFileReference; lastKnownFileType = file.storyboard; name = Base; path = Base.lproj/LaunchScreen.storyboard; sourceTree = "<group>"; };
		A7D516F8219F884400E6387F /* Info.plist */ = {isa = PBXFileReference; lastKnownFileType = text.plist.xml; path = Info.plist; sourceTree = "<group>"; };
		A7D516FD219F884400E6387F /* FlickrSearchTests.xctest */ = {isa = PBXFileReference; explicitFileType = wrapper.cfbundle; includeInIndex = 0; path = FlickrSearchTests.xctest; sourceTree = BUILT_PRODUCTS_DIR; };
		A7D51701219F884400E6387F /* FlickrSearchTests.swift */ = {isa = PBXFileReference; lastKnownFileType = sourcecode.swift; path = FlickrSearchTests.swift; sourceTree = "<group>"; };
		A7D51703219F884400E6387F /* Info.plist */ = {isa = PBXFileReference; lastKnownFileType = text.plist.xml; path = Info.plist; sourceTree = "<group>"; };
		A7D51708219F884400E6387F /* FlickrSearchUITests.xctest */ = {isa = PBXFileReference; explicitFileType = wrapper.cfbundle; includeInIndex = 0; path = FlickrSearchUITests.xctest; sourceTree = BUILT_PRODUCTS_DIR; };
		A7D5170C219F884400E6387F /* FlickrSearchUITests.swift */ = {isa = PBXFileReference; lastKnownFileType = sourcecode.swift; path = FlickrSearchUITests.swift; sourceTree = "<group>"; };
		A7D5170E219F884400E6387F /* Info.plist */ = {isa = PBXFileReference; lastKnownFileType = text.plist.xml; path = Info.plist; sourceTree = "<group>"; };
		A7D5171B219F8C1800E6387F /* FlickrPhoto.swift */ = {isa = PBXFileReference; fileEncoding = 4; lastKnownFileType = sourcecode.swift; name = FlickrPhoto.swift; path = "../../../../../../Downloads/flicker_assets-master/FlickrFiles/FlickrPhoto.swift"; sourceTree = "<group>"; };
		A7D5171C219F8C1800E6387F /* Flickr.swift */ = {isa = PBXFileReference; fileEncoding = 4; lastKnownFileType = sourcecode.swift; name = Flickr.swift; path = "../../../../../../Downloads/flicker_assets-master/FlickrFiles/Flickr.swift"; sourceTree = "<group>"; };
		A7D5171D219F8C1800E6387F /* FlickrSearchResults.swift */ = {isa = PBXFileReference; fileEncoding = 4; lastKnownFileType = sourcecode.swift; name = FlickrSearchResults.swift; path = "../../../../../../Downloads/flicker_assets-master/FlickrFiles/FlickrSearchResults.swift"; sourceTree = "<group>"; };
/* End PBXFileReference section */

/* Begin PBXFrameworksBuildPhase section */
		A7D516E6219F884200E6387F /* Frameworks */ = {
			isa = PBXFrameworksBuildPhase;
			buildActionMask = 2147483647;
			files = (
			);
			runOnlyForDeploymentPostprocessing = 0;
		};
		A7D516FA219F884400E6387F /* Frameworks */ = {
			isa = PBXFrameworksBuildPhase;
			buildActionMask = 2147483647;
			files = (
			);
			runOnlyForDeploymentPostprocessing = 0;
		};
		A7D51705219F884400E6387F /* Frameworks */ = {
			isa = PBXFrameworksBuildPhase;
			buildActionMask = 2147483647;
			files = (
			);
			runOnlyForDeploymentPostprocessing = 0;
		};
/* End PBXFrameworksBuildPhase section */

/* Begin PBXGroup section */
		A7D516E0219F884200E6387F = {
			isa = PBXGroup;
			children = (
				A7D516EB219F884200E6387F /* FlickrSearch */,
				A7D51700219F884400E6387F /* FlickrSearchTests */,
				A7D5170B219F884400E6387F /* FlickrSearchUITests */,
				A7D516EA219F884200E6387F /* Products */,
			);
			sourceTree = "<group>";
		};
		A7D516EA219F884200E6387F /* Products */ = {
			isa = PBXGroup;
			children = (
				A7D516E9219F884200E6387F /* FlickrSearch.app */,
				A7D516FD219F884400E6387F /* FlickrSearchTests.xctest */,
				A7D51708219F884400E6387F /* FlickrSearchUITests.xctest */,
			);
			name = Products;
			sourceTree = "<group>";
		};
		A7D516EB219F884200E6387F /* FlickrSearch */ = {
			isa = PBXGroup;
			children = (
				A7D5171A219F8BF000E6387F /* Models */,
				A7D516EC219F884200E6387F /* AppDelegate.swift */,
				A7D516EE219F884200E6387F /* ViewController.swift */,
				A7D516F0219F884200E6387F /* Main.storyboard */,
				A7D516F3219F884400E6387F /* Assets.xcassets */,
				A7D516F5219F884400E6387F /* LaunchScreen.storyboard */,
				A7D516F8219F884400E6387F /* Info.plist */,
			);
			path = FlickrSearch;
			sourceTree = "<group>";
		};
		A7D51700219F884400E6387F /* FlickrSearchTests */ = {
			isa = PBXGroup;
			children = (
				A7D51701219F884400E6387F /* FlickrSearchTests.swift */,
				A7D51703219F884400E6387F /* Info.plist */,
			);
			path = FlickrSearchTests;
			sourceTree = "<group>";
		};
		A7D5170B219F884400E6387F /* FlickrSearchUITests */ = {
			isa = PBXGroup;
			children = (
				A7D5170C219F884400E6387F /* FlickrSearchUITests.swift */,
				A7D5170E219F884400E6387F /* Info.plist */,
			);
			path = FlickrSearchUITests;
			sourceTree = "<group>";
		};
		A7D5171A219F8BF000E6387F /* Models */ = {
			isa = PBXGroup;
			children = (
				A7D5171C219F8C1800E6387F /* Flickr.swift */,
				A7D5171B219F8C1800E6387F /* FlickrPhoto.swift */,
				A7D5171D219F8C1800E6387F /* FlickrSearchResults.swift */,
			);
			path = Models;
			sourceTree = "<group>";
		};
/* End PBXGroup section */

/* Begin PBXNativeTarget section */
		A7D516E8219F884200E6387F /* FlickrSearch */ = {
			isa = PBXNativeTarget;
			buildConfigurationList = A7D51711219F884400E6387F /* Build configuration list for PBXNativeTarget "FlickrSearch" */;
			buildPhases = (
				A7D516E5219F884200E6387F /* Sources */,
				A7D516E6219F884200E6387F /* Frameworks */,
				A7D516E7219F884200E6387F /* Resources */,
			);
			buildRules = (
			);
			dependencies = (
			);
			name = FlickrSearch;
			productName = FlickrSearch;
			productReference = A7D516E9219F884200E6387F /* FlickrSearch.app */;
			productType = "com.apple.product-type.application";
		};
		A7D516FC219F884400E6387F /* FlickrSearchTests */ = {
			isa = PBXNativeTarget;
			buildConfigurationList = A7D51714219F884400E6387F /* Build configuration list for PBXNativeTarget "FlickrSearchTests" */;
			buildPhases = (
				A7D516F9219F884400E6387F /* Sources */,
				A7D516FA219F884400E6387F /* Frameworks */,
				A7D516FB219F884400E6387F /* Resources */,
			);
			buildRules = (
			);
			dependencies = (
				A7D516FF219F884400E6387F /* PBXTargetDependency */,
			);
			name = FlickrSearchTests;
			productName = FlickrSearchTests;
			productReference = A7D516FD219F884400E6387F /* FlickrSearchTests.xctest */;
			productType = "com.apple.product-type.bundle.unit-test";
		};
		A7D51707219F884400E6387F /* FlickrSearchUITests */ = {
			isa = PBXNativeTarget;
			buildConfigurationList = A7D51717219F884400E6387F /* Build configuration list for PBXNativeTarget "FlickrSearchUITests" */;
			buildPhases = (
				A7D51704219F884400E6387F /* Sources */,
				A7D51705219F884400E6387F /* Frameworks */,
				A7D51706219F884400E6387F /* Resources */,
			);
			buildRules = (
			);
			dependencies = (
				A7D5170A219F884400E6387F /* PBXTargetDependency */,
			);
			name = FlickrSearchUITests;
			productName = FlickrSearchUITests;
			productReference = A7D51708219F884400E6387F /* FlickrSearchUITests.xctest */;
			productType = "com.apple.product-type.bundle.ui-testing";
		};
/* End PBXNativeTarget section */

/* Begin PBXProject section */
		A7D516E1219F884200E6387F /* Project object */ = {
			isa = PBXProject;
			attributes = {
				LastSwiftUpdateCheck = 1010;
				LastUpgradeCheck = 1010;
				ORGANIZATIONNAME = SaulG;
				TargetAttributes = {
					A7D516E8219F884200E6387F = {
						CreatedOnToolsVersion = 10.1;
					};
					A7D516FC219F884400E6387F = {
						CreatedOnToolsVersion = 10.1;
						TestTargetID = A7D516E8219F884200E6387F;
					};
					A7D51707219F884400E6387F = {
						CreatedOnToolsVersion = 10.1;
						TestTargetID = A7D516E8219F884200E6387F;
					};
				};
			};
			buildConfigurationList = A7D516E4219F884200E6387F /* Build configuration list for PBXProject "FlickrSearch" */;
			compatibilityVersion = "Xcode 9.3";
			developmentRegion = en;
			hasScannedForEncodings = 0;
			knownRegions = (
				en,
				Base,
			);
			mainGroup = A7D516E0219F884200E6387F;
			productRefGroup = A7D516EA219F884200E6387F /* Products */;
			projectDirPath = "";
			projectRoot = "";
			targets = (
				A7D516E8219F884200E6387F /* FlickrSearch */,
				A7D516FC219F884400E6387F /* FlickrSearchTests */,
				A7D51707219F884400E6387F /* FlickrSearchUITests */,
			);
		};
/* End PBXProject section */

/* Begin PBXResourcesBuildPhase section */
		A7D516E7219F884200E6387F /* Resources */ = {
			isa = PBXResourcesBuildPhase;
			buildActionMask = 2147483647;
			files = (
				A7D516F7219F884400E6387F /* LaunchScreen.storyboard in Resources */,
				A7D516F4219F884400E6387F /* Assets.xcassets in Resources */,
				A7D516F2219F884200E6387F /* Main.storyboard in Resources */,
			);
			runOnlyForDeploymentPostprocessing = 0;
		};
		A7D516FB219F884400E6387F /* Resources */ = {
			isa = PBXResourcesBuildPhase;
			buildActionMask = 2147483647;
			files = (
			);
			runOnlyForDeploymentPostprocessing = 0;
		};
		A7D51706219F884400E6387F /* Resources */ = {
			isa = PBXResourcesBuildPhase;
			buildActionMask = 2147483647;
			files = (
			);
			runOnlyForDeploymentPostprocessing = 0;
		};
/* End PBXResourcesBuildPhase section */

/* Begin PBXSourcesBuildPhase section */
		A7D516E5219F884200E6387F /* Sources */ = {
			isa = PBXSourcesBuildPhase;
			buildActionMask = 2147483647;
			files = (
				A7D516EF219F884200E6387F /* ViewController.swift in Sources */,
				A7D51720219F8C1800E6387F /* FlickrSearchResults.swift in Sources */,
				A7D5171E219F8C1800E6387F /* FlickrPhoto.swift in Sources */,
				A7D5171F219F8C1800E6387F /* Flickr.swift in Sources */,
				A7D516ED219F884200E6387F /* AppDelegate.swift in Sources */,
			);
			runOnlyForDeploymentPostprocessing = 0;
		};
		A7D516F9219F884400E6387F /* Sources */ = {
			isa = PBXSourcesBuildPhase;
			buildActionMask = 2147483647;
			files = (
				A7D51702219F884400E6387F /* FlickrSearchTests.swift in Sources */,
			);
			runOnlyForDeploymentPostprocessing = 0;
		};
		A7D51704219F884400E6387F /* Sources */ = {
			isa = PBXSourcesBuildPhase;
			buildActionMask = 2147483647;
			files = (
				A7D5170D219F884400E6387F /* FlickrSearchUITests.swift in Sources */,
			);
			runOnlyForDeploymentPostprocessing = 0;
		};
/* End PBXSourcesBuildPhase section */

/* Begin PBXTargetDependency section */
		A7D516FF219F884400E6387F /* PBXTargetDependency */ = {
			isa = PBXTargetDependency;
			target = A7D516E8219F884200E6387F /* FlickrSearch */;
			targetProxy = A7D516FE219F884400E6387F /* PBXContainerItemProxy */;
		};
		A7D5170A219F884400E6387F /* PBXTargetDependency */ = {
			isa = PBXTargetDependency;
			target = A7D516E8219F884200E6387F /* FlickrSearch */;
			targetProxy = A7D51709219F884400E6387F /* PBXContainerItemProxy */;
		};
/* End PBXTargetDependency section */

/* Begin PBXVariantGroup section */
		A7D516F0219F884200E6387F /* Main.storyboard */ = {
			isa = PBXVariantGroup;
			children = (
				A7D516F1219F884200E6387F /* Base */,
			);
			name = Main.storyboard;
			sourceTree = "<group>";
		};
		A7D516F5219F884400E6387F /* LaunchScreen.storyboard */ = {
			isa = PBXVariantGroup;
			children = (
				A7D516F6219F884400E6387F /* Base */,
			);
			name = LaunchScreen.storyboard;
			sourceTree = "<group>";
		};
/* End PBXVariantGroup section */

/* Begin XCBuildConfiguration section */
		A7D5170F219F884400E6387F /* Debug */ = {
			isa = XCBuildConfiguration;
			buildSettings = {
				ALWAYS_SEARCH_USER_PATHS = NO;
				CLANG_ANALYZER_NONNULL = YES;
				CLANG_ANALYZER_NUMBER_OBJECT_CONVERSION = YES_AGGRESSIVE;
				CLANG_CXX_LANGUAGE_STANDARD = "gnu++14";
				CLANG_CXX_LIBRARY = "libc++";
				CLANG_ENABLE_MODULES = YES;
				CLANG_ENABLE_OBJC_ARC = YES;
				CLANG_ENABLE_OBJC_WEAK = YES;
				CLANG_WARN_BLOCK_CAPTURE_AUTORELEASING = YES;
				CLANG_WARN_BOOL_CONVERSION = YES;
				CLANG_WARN_COMMA = YES;
				CLANG_WARN_CONSTANT_CONVERSION = YES;
				CLANG_WARN_DEPRECATED_OBJC_IMPLEMENTATIONS = YES;
				CLANG_WARN_DIRECT_OBJC_ISA_USAGE = YES_ERROR;
				CLANG_WARN_DOCUMENTATION_COMMENTS = YES;
				CLANG_WARN_EMPTY_BODY = YES;
				CLANG_WARN_ENUM_CONVERSION = YES;
				CLANG_WARN_INFINITE_RECURSION = YES;
				CLANG_WARN_INT_CONVERSION = YES;
				CLANG_WARN_NON_LITERAL_NULL_CONVERSION = YES;
				CLANG_WARN_OBJC_IMPLICIT_RETAIN_SELF = YES;
				CLANG_WARN_OBJC_LITERAL_CONVERSION = YES;
				CLANG_WARN_OBJC_ROOT_CLASS = YES_ERROR;
				CLANG_WARN_RANGE_LOOP_ANALYSIS = YES;
				CLANG_WARN_STRICT_PROTOTYPES = YES;
				CLANG_WARN_SUSPICIOUS_MOVE = YES;
				CLANG_WARN_UNGUARDED_AVAILABILITY = YES_AGGRESSIVE;
				CLANG_WARN_UNREACHABLE_CODE = YES;
				CLANG_WARN__DUPLICATE_METHOD_MATCH = YES;
				CODE_SIGN_IDENTITY = "iPhone Developer";
				COPY_PHASE_STRIP = NO;
				DEBUG_INFORMATION_FORMAT = dwarf;
				ENABLE_STRICT_OBJC_MSGSEND = YES;
				ENABLE_TESTABILITY = YES;
				GCC_C_LANGUAGE_STANDARD = gnu11;
				GCC_DYNAMIC_NO_PIC = NO;
				GCC_NO_COMMON_BLOCKS = YES;
				GCC_OPTIMIZATION_LEVEL = 0;
				GCC_PREPROCESSOR_DEFINITIONS = (
					"DEBUG=1",
					"$(inherited)",
				);
				GCC_WARN_64_TO_32_BIT_CONVERSION = YES;
				GCC_WARN_ABOUT_RETURN_TYPE = YES_ERROR;
				GCC_WARN_UNDECLARED_SELECTOR = YES;
				GCC_WARN_UNINITIALIZED_AUTOS = YES_AGGRESSIVE;
				GCC_WARN_UNUSED_FUNCTION = YES;
				GCC_WARN_UNUSED_VARIABLE = YES;
				IPHONEOS_DEPLOYMENT_TARGET = 12.1;
				MTL_ENABLE_DEBUG_INFO = INCLUDE_SOURCE;
				MTL_FAST_MATH = YES;
				ONLY_ACTIVE_ARCH = YES;
				SDKROOT = iphoneos;
				SWIFT_ACTIVE_COMPILATION_CONDITIONS = DEBUG;
				SWIFT_OPTIMIZATION_LEVEL = "-Onone";
			};
			name = Debug;
		};
		A7D51710219F884400E6387F /* Release */ = {
			isa = XCBuildConfiguration;
			buildSettings = {
				ALWAYS_SEARCH_USER_PATHS = NO;
				CLANG_ANALYZER_NONNULL = YES;
				CLANG_ANALYZER_NUMBER_OBJECT_CONVERSION = YES_AGGRESSIVE;
				CLANG_CXX_LANGUAGE_STANDARD = "gnu++14";
				CLANG_CXX_LIBRARY = "libc++";
				CLANG_ENABLE_MODULES = YES;
				CLANG_ENABLE_OBJC_ARC = YES;
				CLANG_ENABLE_OBJC_WEAK = YES;
				CLANG_WARN_BLOCK_CAPTURE_AUTORELEASING = YES;
				CLANG_WARN_BOOL_CONVERSION = YES;
				CLANG_WARN_COMMA = YES;
				CLANG_WARN_CONSTANT_CONVERSION = YES;
				CLANG_WARN_DEPRECATED_OBJC_IMPLEMENTATIONS = YES;
				CLANG_WARN_DIRECT_OBJC_ISA_USAGE = YES_ERROR;
				CLANG_WARN_DOCUMENTATION_COMMENTS = YES;
				CLANG_WARN_EMPTY_BODY = YES;
				CLANG_WARN_ENUM_CONVERSION = YES;
				CLANG_WARN_INFINITE_RECURSION = YES;
				CLANG_WARN_INT_CONVERSION = YES;
				CLANG_WARN_NON_LITERAL_NULL_CONVERSION = YES;
				CLANG_WARN_OBJC_IMPLICIT_RETAIN_SELF = YES;
				CLANG_WARN_OBJC_LITERAL_CONVERSION = YES;
				CLANG_WARN_OBJC_ROOT_CLASS = YES_ERROR;
				CLANG_WARN_RANGE_LOOP_ANALYSIS = YES;
				CLANG_WARN_STRICT_PROTOTYPES = YES;
				CLANG_WARN_SUSPICIOUS_MOVE = YES;
				CLANG_WARN_UNGUARDED_AVAILABILITY = YES_AGGRESSIVE;
				CLANG_WARN_UNREACHABLE_CODE = YES;
				CLANG_WARN__DUPLICATE_METHOD_MATCH = YES;
				CODE_SIGN_IDENTITY = "iPhone Developer";
				COPY_PHASE_STRIP = NO;
				DEBUG_INFORMATION_FORMAT = "dwarf-with-dsym";
				ENABLE_NS_ASSERTIONS = NO;
				ENABLE_STRICT_OBJC_MSGSEND = YES;
				GCC_C_LANGUAGE_STANDARD = gnu11;
				GCC_NO_COMMON_BLOCKS = YES;
				GCC_WARN_64_TO_32_BIT_CONVERSION = YES;
				GCC_WARN_ABOUT_RETURN_TYPE = YES_ERROR;
				GCC_WARN_UNDECLARED_SELECTOR = YES;
				GCC_WARN_UNINITIALIZED_AUTOS = YES_AGGRESSIVE;
				GCC_WARN_UNUSED_FUNCTION = YES;
				GCC_WARN_UNUSED_VARIABLE = YES;
				IPHONEOS_DEPLOYMENT_TARGET = 12.1;
				MTL_ENABLE_DEBUG_INFO = NO;
				MTL_FAST_MATH = YES;
				SDKROOT = iphoneos;
				SWIFT_COMPILATION_MODE = wholemodule;
				SWIFT_OPTIMIZATION_LEVEL = "-O";
				VALIDATE_PRODUCT = YES;
			};
			name = Release;
		};
		A7D51712219F884400E6387F /* Debug */ = {
			isa = XCBuildConfiguration;
			buildSettings = {
				ASSETCATALOG_COMPILER_APPICON_NAME = AppIcon;
				CODE_SIGN_STYLE = Automatic;
				INFOPLIST_FILE = FlickrSearch/Info.plist;
				LD_RUNPATH_SEARCH_PATHS = (
					"$(inherited)",
					"@executable_path/Frameworks",
				);
				PRODUCT_BUNDLE_IDENTIFIER = saulmx.FlickrSearch;
				PRODUCT_NAME = "$(TARGET_NAME)";
				SWIFT_VERSION = 4.2;
				TARGETED_DEVICE_FAMILY = 2;
			};
			name = Debug;
		};
		A7D51713219F884400E6387F /* Release */ = {
			isa = XCBuildConfiguration;
			buildSettings = {
				ASSETCATALOG_COMPILER_APPICON_NAME = AppIcon;
				CODE_SIGN_STYLE = Automatic;
				INFOPLIST_FILE = FlickrSearch/Info.plist;
				LD_RUNPATH_SEARCH_PATHS = (
					"$(inherited)",
					"@executable_path/Frameworks",
				);
				PRODUCT_BUNDLE_IDENTIFIER = saulmx.FlickrSearch;
				PRODUCT_NAME = "$(TARGET_NAME)";
				SWIFT_VERSION = 4.2;
				TARGETED_DEVICE_FAMILY = 2;
			};
			name = Release;
		};
		A7D51715219F884400E6387F /* Debug */ = {
			isa = XCBuildConfiguration;
			buildSettings = {
				ALWAYS_EMBED_SWIFT_STANDARD_LIBRARIES = YES;
				BUNDLE_LOADER = "$(TEST_HOST)";
				CODE_SIGN_STYLE = Automatic;
				INFOPLIST_FILE = FlickrSearchTests/Info.plist;
				LD_RUNPATH_SEARCH_PATHS = (
					"$(inherited)",
					"@executable_path/Frameworks",
					"@loader_path/Frameworks",
				);
				PRODUCT_BUNDLE_IDENTIFIER = saulmx.FlickrSearchTests;
				PRODUCT_NAME = "$(TARGET_NAME)";
				SWIFT_VERSION = 4.2;
				TARGETED_DEVICE_FAMILY = "1,2";
				TEST_HOST = "$(BUILT_PRODUCTS_DIR)/FlickrSearch.app/FlickrSearch";
			};
			name = Debug;
		};
		A7D51716219F884400E6387F /* Release */ = {
			isa = XCBuildConfiguration;
			buildSettings = {
				ALWAYS_EMBED_SWIFT_STANDARD_LIBRARIES = YES;
				BUNDLE_LOADER = "$(TEST_HOST)";
				CODE_SIGN_STYLE = Automatic;
				INFOPLIST_FILE = FlickrSearchTests/Info.plist;
				LD_RUNPATH_SEARCH_PATHS = (
					"$(inherited)",
					"@executable_path/Frameworks",
					"@loader_path/Frameworks",
				);
				PRODUCT_BUNDLE_IDENTIFIER = saulmx.FlickrSearchTests;
				PRODUCT_NAME = "$(TARGET_NAME)";
				SWIFT_VERSION = 4.2;
				TARGETED_DEVICE_FAMILY = "1,2";
				TEST_HOST = "$(BUILT_PRODUCTS_DIR)/FlickrSearch.app/FlickrSearch";
			};
			name = Release;
		};
		A7D51718219F884400E6387F /* Debug */ = {
			isa = XCBuildConfiguration;
			buildSettings = {
				ALWAYS_EMBED_SWIFT_STANDARD_LIBRARIES = YES;
				CODE_SIGN_STYLE = Automatic;
				INFOPLIST_FILE = FlickrSearchUITests/Info.plist;
				LD_RUNPATH_SEARCH_PATHS = (
					"$(inherited)",
					"@executable_path/Frameworks",
					"@loader_path/Frameworks",
				);
				PRODUCT_BUNDLE_IDENTIFIER = saulmx.FlickrSearchUITests;
				PRODUCT_NAME = "$(TARGET_NAME)";
				SWIFT_VERSION = 4.2;
				TARGETED_DEVICE_FAMILY = "1,2";
				TEST_TARGET_NAME = FlickrSearch;
			};
			name = Debug;
		};
		A7D51719219F884400E6387F /* Release */ = {
			isa = XCBuildConfiguration;
			buildSettings = {
				ALWAYS_EMBED_SWIFT_STANDARD_LIBRARIES = YES;
				CODE_SIGN_STYLE = Automatic;
				INFOPLIST_FILE = FlickrSearchUITests/Info.plist;
				LD_RUNPATH_SEARCH_PATHS = (
					"$(inherited)",
					"@executable_path/Frameworks",
					"@loader_path/Frameworks",
				);
				PRODUCT_BUNDLE_IDENTIFIER = saulmx.FlickrSearchUITests;
				PRODUCT_NAME = "$(TARGET_NAME)";
				SWIFT_VERSION = 4.2;
				TARGETED_DEVICE_FAMILY = "1,2";
				TEST_TARGET_NAME = FlickrSearch;
			};
			name = Release;
		};
/* End XCBuildConfiguration section */

/* Begin XCConfigurationList section */
		A7D516E4219F884200E6387F /* Build configuration list for PBXProject "FlickrSearch" */ = {
			isa = XCConfigurationList;
			buildConfigurations = (
				A7D5170F219F884400E6387F /* Debug */,
				A7D51710219F884400E6387F /* Release */,
			);
			defaultConfigurationIsVisible = 0;
			defaultConfigurationName = Release;
		};
		A7D51711219F884400E6387F /* Build configuration list for PBXNativeTarget "FlickrSearch" */ = {
			isa = XCConfigurationList;
			buildConfigurations = (
				A7D51712219F884400E6387F /* Debug */,
				A7D51713219F884400E6387F /* Release */,
			);
			defaultConfigurationIsVisible = 0;
			defaultConfigurationName = Release;
		};
		A7D51714219F884400E6387F /* Build configuration list for PBXNativeTarget "FlickrSearchTests" */ = {
			isa = XCConfigurationList;
			buildConfigurations = (
				A7D51715219F884400E6387F /* Debug */,
				A7D51716219F884400E6387F /* Release */,
			);
			defaultConfigurationIsVisible = 0;
			defaultConfigurationName = Release;
		};
		A7D51717219F884400E6387F /* Build configuration list for PBXNativeTarget "FlickrSearchUITests" */ = {
			isa = XCConfigurationList;
			buildConfigurations = (
				A7D51718219F884400E6387F /* Debug */,
				A7D51719219F884400E6387F /* Release */,
			);
			defaultConfigurationIsVisible = 0;
			defaultConfigurationName = Release;
		};
/* End XCConfigurationList section */
	};
	rootObject = A7D516E1219F884200E6387F /* Project object */;
}
