// !$*UTF8*$!
{
	archiveVersion = 1;
	classes = {
	};
	objectVersion = 50;
	objects = {

/* Begin PBXBuildFile section */
		A7D7C14E2172382F00355CE7 /* AppDelegate.swift in Sources */ = {isa = PBXBuildFile; fileRef = A7D7C14D2172382F00355CE7 /* AppDelegate.swift */; };
		A7D7C1502172382F00355CE7 /* ViewController.swift in Sources */ = {isa = PBXBuildFile; fileRef = A7D7C14F2172382F00355CE7 /* ViewController.swift */; };
		A7D7C1532172382F00355CE7 /* Main.storyboard in Resources */ = {isa = PBXBuildFile; fileRef = A7D7C1512172382F00355CE7 /* Main.storyboard */; };
		A7D7C1552172383000355CE7 /* Assets.xcassets in Resources */ = {isa = PBXBuildFile; fileRef = A7D7C1542172383000355CE7 /* Assets.xcassets */; };
		A7D7C1582172383000355CE7 /* LaunchScreen.storyboard in Resources */ = {isa = PBXBuildFile; fileRef = A7D7C1562172383000355CE7 /* LaunchScreen.storyboard */; };
		A7D7C1602172385500355CE7 /* SimpleView.swift in Sources */ = {isa = PBXBuildFile; fileRef = A7D7C15F2172385500355CE7 /* SimpleView.swift */; };
		A7D7C162217245C200355CE7 /* SquareView.swift in Sources */ = {isa = PBXBuildFile; fileRef = A7D7C161217245C200355CE7 /* SquareView.swift */; };
/* End PBXBuildFile section */

/* Begin PBXFileReference section */
		A7D7C14A2172382F00355CE7 /* SimpleLines.app */ = {isa = PBXFileReference; explicitFileType = wrapper.application; includeInIndex = 0; path = SimpleLines.app; sourceTree = BUILT_PRODUCTS_DIR; };
		A7D7C14D2172382F00355CE7 /* AppDelegate.swift */ = {isa = PBXFileReference; lastKnownFileType = sourcecode.swift; path = AppDelegate.swift; sourceTree = "<group>"; };
		A7D7C14F2172382F00355CE7 /* ViewController.swift */ = {isa = PBXFileReference; lastKnownFileType = sourcecode.swift; path = ViewController.swift; sourceTree = "<group>"; };
		A7D7C1522172382F00355CE7 /* Base */ = {isa = PBXFileReference; lastKnownFileType = file.storyboard; name = Base; path = Base.lproj/Main.storyboard; sourceTree = "<group>"; };
		A7D7C1542172383000355CE7 /* Assets.xcassets */ = {isa = PBXFileReference; lastKnownFileType = folder.assetcatalog; path = Assets.xcassets; sourceTree = "<group>"; };
		A7D7C1572172383000355CE7 /* Base */ = {isa = PBXFileReference; lastKnownFileType = file.storyboard; name = Base; path = Base.lproj/LaunchScreen.storyboard; sourceTree = "<group>"; };
		A7D7C1592172383000355CE7 /* Info.plist */ = {isa = PBXFileReference; lastKnownFileType = text.plist.xml; path = Info.plist; sourceTree = "<group>"; };
		A7D7C15F2172385500355CE7 /* SimpleView.swift */ = {isa = PBXFileReference; lastKnownFileType = sourcecode.swift; path = SimpleView.swift; sourceTree = "<group>"; };
		A7D7C161217245C200355CE7 /* SquareView.swift */ = {isa = PBXFileReference; lastKnownFileType = sourcecode.swift; path = SquareView.swift; sourceTree = "<group>"; };
/* End PBXFileReference section */

/* Begin PBXFrameworksBuildPhase section */
		A7D7C1472172382F00355CE7 /* Frameworks */ = {
			isa = PBXFrameworksBuildPhase;
			buildActionMask = 2147483647;
			files = (
			);
			runOnlyForDeploymentPostprocessing = 0;
		};
/* End PBXFrameworksBuildPhase section */

/* Begin PBXGroup section */
		A7D7C1412172382F00355CE7 = {
			isa = PBXGroup;
			children = (
				A7D7C14C2172382F00355CE7 /* SimpleLines */,
				A7D7C14B2172382F00355CE7 /* Products */,
			);
			sourceTree = "<group>";
		};
		A7D7C14B2172382F00355CE7 /* Products */ = {
			isa = PBXGroup;
			children = (
				A7D7C14A2172382F00355CE7 /* SimpleLines.app */,
			);
			name = Products;
			sourceTree = "<group>";
		};
		A7D7C14C2172382F00355CE7 /* SimpleLines */ = {
			isa = PBXGroup;
			children = (
				A7D7C14D2172382F00355CE7 /* AppDelegate.swift */,
				A7D7C14F2172382F00355CE7 /* ViewController.swift */,
				A7D7C1512172382F00355CE7 /* Main.storyboard */,
				A7D7C1542172383000355CE7 /* Assets.xcassets */,
				A7D7C1562172383000355CE7 /* LaunchScreen.storyboard */,
				A7D7C1592172383000355CE7 /* Info.plist */,
				A7D7C15F2172385500355CE7 /* SimpleView.swift */,
				A7D7C161217245C200355CE7 /* SquareView.swift */,
			);
			path = SimpleLines;
			sourceTree = "<group>";
		};
/* End PBXGroup section */

/* Begin PBXNativeTarget section */
		A7D7C1492172382F00355CE7 /* SimpleLines */ = {
			isa = PBXNativeTarget;
			buildConfigurationList = A7D7C15C2172383000355CE7 /* Build configuration list for PBXNativeTarget "SimpleLines" */;
			buildPhases = (
				A7D7C1462172382F00355CE7 /* Sources */,
				A7D7C1472172382F00355CE7 /* Frameworks */,
				A7D7C1482172382F00355CE7 /* Resources */,
			);
			buildRules = (
			);
			dependencies = (
			);
			name = SimpleLines;
			productName = SimpleLines;
			productReference = A7D7C14A2172382F00355CE7 /* SimpleLines.app */;
			productType = "com.apple.product-type.application";
		};
/* End PBXNativeTarget section */

/* Begin PBXProject section */
		A7D7C1422172382F00355CE7 /* Project object */ = {
			isa = PBXProject;
			attributes = {
				LastSwiftUpdateCheck = 0940;
				LastUpgradeCheck = 0940;
				ORGANIZATIONNAME = SaulG;
				TargetAttributes = {
					A7D7C1492172382F00355CE7 = {
						CreatedOnToolsVersion = 9.4.1;
					};
				};
			};
			buildConfigurationList = A7D7C1452172382F00355CE7 /* Build configuration list for PBXProject "SimpleLines" */;
			compatibilityVersion = "Xcode 9.3";
			developmentRegion = en;
			hasScannedForEncodings = 0;
			knownRegions = (
				en,
				Base,
			);
			mainGroup = A7D7C1412172382F00355CE7;
			productRefGroup = A7D7C14B2172382F00355CE7 /* Products */;
			projectDirPath = "";
			projectRoot = "";
			targets = (
				A7D7C1492172382F00355CE7 /* SimpleLines */,
			);
		};
/* End PBXProject section */

/* Begin PBXResourcesBuildPhase section */
		A7D7C1482172382F00355CE7 /* Resources */ = {
			isa = PBXResourcesBuildPhase;
			buildActionMask = 2147483647;
			files = (
				A7D7C1582172383000355CE7 /* LaunchScreen.storyboard in Resources */,
				A7D7C1552172383000355CE7 /* Assets.xcassets in Resources */,
				A7D7C1532172382F00355CE7 /* Main.storyboard in Resources */,
			);
			runOnlyForDeploymentPostprocessing = 0;
		};
/* End PBXResourcesBuildPhase section */

/* Begin PBXSourcesBuildPhase section */
		A7D7C1462172382F00355CE7 /* Sources */ = {
			isa = PBXSourcesBuildPhase;
			buildActionMask = 2147483647;
			files = (
				A7D7C1502172382F00355CE7 /* ViewController.swift in Sources */,
				A7D7C1602172385500355CE7 /* SimpleView.swift in Sources */,
				A7D7C14E2172382F00355CE7 /* AppDelegate.swift in Sources */,
				A7D7C162217245C200355CE7 /* SquareView.swift in Sources */,
			);
			runOnlyForDeploymentPostprocessing = 0;
		};
/* End PBXSourcesBuildPhase section */

/* Begin PBXVariantGroup section */
		A7D7C1512172382F00355CE7 /* Main.storyboard */ = {
			isa = PBXVariantGroup;
			children = (
				A7D7C1522172382F00355CE7 /* Base */,
			);
			name = Main.storyboard;
			sourceTree = "<group>";
		};
		A7D7C1562172383000355CE7 /* LaunchScreen.storyboard */ = {
			isa = PBXVariantGroup;
			children = (
				A7D7C1572172383000355CE7 /* Base */,
			);
			name = LaunchScreen.storyboard;
			sourceTree = "<group>";
		};
/* End PBXVariantGroup section */

/* Begin XCBuildConfiguration section */
		A7D7C15A2172383000355CE7 /* Debug */ = {
			isa = XCBuildConfiguration;
			buildSettings = {
				ALWAYS_SEARCH_USER_PATHS = NO;
				CLANG_ANALYZER_NONNULL = YES;
				CLANG_ANALYZER_NUMBER_OBJECT_CONVERSION = YES_AGGRESSIVE;
				CLANG_CXX_LANGUAGE_STANDARD = "gnu++14";
				CLANG_CXX_LIBRARY = "libc++";
				CLANG_ENABLE_MODULES = YES;
				CLANG_ENABLE_OBJC_ARC = YES;
				CLANG_ENABLE_OBJC_WEAK = YES;
				CLANG_WARN_BLOCK_CAPTURE_AUTORELEASING = YES;
				CLANG_WARN_BOOL_CONVERSION = YES;
				CLANG_WARN_COMMA = YES;
				CLANG_WARN_CONSTANT_CONVERSION = YES;
				CLANG_WARN_DEPRECATED_OBJC_IMPLEMENTATIONS = YES;
				CLANG_WARN_DIRECT_OBJC_ISA_USAGE = YES_ERROR;
				CLANG_WARN_DOCUMENTATION_COMMENTS = YES;
				CLANG_WARN_EMPTY_BODY = YES;
				CLANG_WARN_ENUM_CONVERSION = YES;
				CLANG_WARN_INFINITE_RECURSION = YES;
				CLANG_WARN_INT_CONVERSION = YES;
				CLANG_WARN_NON_LITERAL_NULL_CONVERSION = YES;
				CLANG_WARN_OBJC_IMPLICIT_RETAIN_SELF = YES;
				CLANG_WARN_OBJC_LITERAL_CONVERSION = YES;
				CLANG_WARN_OBJC_ROOT_CLASS = YES_ERROR;
				CLANG_WARN_RANGE_LOOP_ANALYSIS = YES;
				CLANG_WARN_STRICT_PROTOTYPES = YES;
				CLANG_WARN_SUSPICIOUS_MOVE = YES;
				CLANG_WARN_UNGUARDED_AVAILABILITY = YES_AGGRESSIVE;
				CLANG_WARN_UNREACHABLE_CODE = YES;
				CLANG_WARN__DUPLICATE_METHOD_MATCH = YES;
				CODE_SIGN_IDENTITY = "iPhone Developer";
				COPY_PHASE_STRIP = NO;
				DEBUG_INFORMATION_FORMAT = dwarf;
				ENABLE_STRICT_OBJC_MSGSEND = YES;
				ENABLE_TESTABILITY = YES;
				GCC_C_LANGUAGE_STANDARD = gnu11;
				GCC_DYNAMIC_NO_PIC = NO;
				GCC_NO_COMMON_BLOCKS = YES;
				GCC_OPTIMIZATION_LEVEL = 0;
				GCC_PREPROCESSOR_DEFINITIONS = (
					"DEBUG=1",
					"$(inherited)",
				);
				GCC_WARN_64_TO_32_BIT_CONVERSION = YES;
				GCC_WARN_ABOUT_RETURN_TYPE = YES_ERROR;
				GCC_WARN_UNDECLARED_SELECTOR = YES;
				GCC_WARN_UNINITIALIZED_AUTOS = YES_AGGRESSIVE;
				GCC_WARN_UNUSED_FUNCTION = YES;
				GCC_WARN_UNUSED_VARIABLE = YES;
				IPHONEOS_DEPLOYMENT_TARGET = 11.4;
				MTL_ENABLE_DEBUG_INFO = YES;
				ONLY_ACTIVE_ARCH = YES;
				SDKROOT = iphoneos;
				SWIFT_ACTIVE_COMPILATION_CONDITIONS = DEBUG;
				SWIFT_OPTIMIZATION_LEVEL = "-Onone";
			};
			name = Debug;
		};
		A7D7C15B2172383000355CE7 /* Release */ = {
			isa = XCBuildConfiguration;
			buildSettings = {
				ALWAYS_SEARCH_USER_PATHS = NO;
				CLANG_ANALYZER_NONNULL = YES;
				CLANG_ANALYZER_NUMBER_OBJECT_CONVERSION = YES_AGGRESSIVE;
				CLANG_CXX_LANGUAGE_STANDARD = "gnu++14";
				CLANG_CXX_LIBRARY = "libc++";
				CLANG_ENABLE_MODULES = YES;
				CLANG_ENABLE_OBJC_ARC = YES;
				CLANG_ENABLE_OBJC_WEAK = YES;
				CLANG_WARN_BLOCK_CAPTURE_AUTORELEASING = YES;
				CLANG_WARN_BOOL_CONVERSION = YES;
				CLANG_WARN_COMMA = YES;
				CLANG_WARN_CONSTANT_CONVERSION = YES;
				CLANG_WARN_DEPRECATED_OBJC_IMPLEMENTATIONS = YES;
				CLANG_WARN_DIRECT_OBJC_ISA_USAGE = YES_ERROR;
				CLANG_WARN_DOCUMENTATION_COMMENTS = YES;
				CLANG_WARN_EMPTY_BODY = YES;
				CLANG_WARN_ENUM_CONVERSION = YES;
				CLANG_WARN_INFINITE_RECURSION = YES;
				CLANG_WARN_INT_CONVERSION = YES;
				CLANG_WARN_NON_LITERAL_NULL_CONVERSION = YES;
				CLANG_WARN_OBJC_IMPLICIT_RETAIN_SELF = YES;
				CLANG_WARN_OBJC_LITERAL_CONVERSION = YES;
				CLANG_WARN_OBJC_ROOT_CLASS = YES_ERROR;
				CLANG_WARN_RANGE_LOOP_ANALYSIS = YES;
				CLANG_WARN_STRICT_PROTOTYPES = YES;
				CLANG_WARN_SUSPICIOUS_MOVE = YES;
				CLANG_WARN_UNGUARDED_AVAILABILITY = YES_AGGRESSIVE;
				CLANG_WARN_UNREACHABLE_CODE = YES;
				CLANG_WARN__DUPLICATE_METHOD_MATCH = YES;
				CODE_SIGN_IDENTITY = "iPhone Developer";
				COPY_PHASE_STRIP = NO;
				DEBUG_INFORMATION_FORMAT = "dwarf-with-dsym";
				ENABLE_NS_ASSERTIONS = NO;
				ENABLE_STRICT_OBJC_MSGSEND = YES;
				GCC_C_LANGUAGE_STANDARD = gnu11;
				GCC_NO_COMMON_BLOCKS = YES;
				GCC_WARN_64_TO_32_BIT_CONVERSION = YES;
				GCC_WARN_ABOUT_RETURN_TYPE = YES_ERROR;
				GCC_WARN_UNDECLARED_SELECTOR = YES;
				GCC_WARN_UNINITIALIZED_AUTOS = YES_AGGRESSIVE;
				GCC_WARN_UNUSED_FUNCTION = YES;
				GCC_WARN_UNUSED_VARIABLE = YES;
				IPHONEOS_DEPLOYMENT_TARGET = 11.4;
				MTL_ENABLE_DEBUG_INFO = NO;
				SDKROOT = iphoneos;
				SWIFT_COMPILATION_MODE = wholemodule;
				SWIFT_OPTIMIZATION_LEVEL = "-O";
				VALIDATE_PRODUCT = YES;
			};
			name = Release;
		};
		A7D7C15D2172383000355CE7 /* Debug */ = {
			isa = XCBuildConfiguration;
			buildSettings = {
				ASSETCATALOG_COMPILER_APPICON_NAME = AppIcon;
				CODE_SIGN_STYLE = Automatic;
				INFOPLIST_FILE = SimpleLines/Info.plist;
				LD_RUNPATH_SEARCH_PATHS = (
					"$(inherited)",
					"@executable_path/Frameworks",
				);
				PRODUCT_BUNDLE_IDENTIFIER = saulmx.SimpleLines;
				PRODUCT_NAME = "$(TARGET_NAME)";
				SWIFT_VERSION = 4.0;
				TARGETED_DEVICE_FAMILY = "1,2";
			};
			name = Debug;
		};
		A7D7C15E2172383000355CE7 /* Release */ = {
			isa = XCBuildConfiguration;
			buildSettings = {
				ASSETCATALOG_COMPILER_APPICON_NAME = AppIcon;
				CODE_SIGN_STYLE = Automatic;
				INFOPLIST_FILE = SimpleLines/Info.plist;
				LD_RUNPATH_SEARCH_PATHS = (
					"$(inherited)",
					"@executable_path/Frameworks",
				);
				PRODUCT_BUNDLE_IDENTIFIER = saulmx.SimpleLines;
				PRODUCT_NAME = "$(TARGET_NAME)";
				SWIFT_VERSION = 4.0;
				TARGETED_DEVICE_FAMILY = "1,2";
			};
			name = Release;
		};
/* End XCBuildConfiguration section */

/* Begin XCConfigurationList section */
		A7D7C1452172382F00355CE7 /* Build configuration list for PBXProject "SimpleLines" */ = {
			isa = XCConfigurationList;
			buildConfigurations = (
				A7D7C15A2172383000355CE7 /* Debug */,
				A7D7C15B2172383000355CE7 /* Release */,
			);
			defaultConfigurationIsVisible = 0;
			defaultConfigurationName = Release;
		};
		A7D7C15C2172383000355CE7 /* Build configuration list for PBXNativeTarget "SimpleLines" */ = {
			isa = XCConfigurationList;
			buildConfigurations = (
				A7D7C15D2172383000355CE7 /* Debug */,
				A7D7C15E2172383000355CE7 /* Release */,
			);
			defaultConfigurationIsVisible = 0;
			defaultConfigurationName = Release;
		};
/* End XCConfigurationList section */
	};
	rootObject = A7D7C1422172382F00355CE7 /* Project object */;
}
