// !$*UTF8*$!
{
	archiveVersion = 1;
	classes = {
	};
	objectVersion = 50;
	objects = {

/* Begin PBXBuildFile section */
		E74FE79621C555B70063DBCF /* AppDelegate.swift in Sources */ = {isa = PBXBuildFile; fileRef = E74FE79521C555B70063DBCF /* AppDelegate.swift */; };
		E74FE79821C555B70063DBCF /* ViewController.swift in Sources */ = {isa = PBXBuildFile; fileRef = E74FE79721C555B70063DBCF /* ViewController.swift */; };
		E74FE79B21C555B70063DBCF /* Main.storyboard in Resources */ = {isa = PBXBuildFile; fileRef = E74FE79921C555B70063DBCF /* Main.storyboard */; };
		E74FE79D21C555B90063DBCF /* Assets.xcassets in Resources */ = {isa = PBXBuildFile; fileRef = E74FE79C21C555B90063DBCF /* Assets.xcassets */; };
		E74FE7A021C555B90063DBCF /* LaunchScreen.storyboard in Resources */ = {isa = PBXBuildFile; fileRef = E74FE79E21C555B90063DBCF /* LaunchScreen.storyboard */; };
		E74FE7AB21C555B90063DBCF /* BuggyTests.swift in Sources */ = {isa = PBXBuildFile; fileRef = E74FE7AA21C555B90063DBCF /* BuggyTests.swift */; };
		E74FE7B621C555B90063DBCF /* BuggyUITests.swift in Sources */ = {isa = PBXBuildFile; fileRef = E74FE7B521C555B90063DBCF /* BuggyUITests.swift */; };
/* End PBXBuildFile section */

/* Begin PBXContainerItemProxy section */
		E74FE7A721C555B90063DBCF /* PBXContainerItemProxy */ = {
			isa = PBXContainerItemProxy;
			containerPortal = E74FE78A21C555B70063DBCF /* Project object */;
			proxyType = 1;
			remoteGlobalIDString = E74FE79121C555B70063DBCF;
			remoteInfo = Buggy;
		};
		E74FE7B221C555B90063DBCF /* PBXContainerItemProxy */ = {
			isa = PBXContainerItemProxy;
			containerPortal = E74FE78A21C555B70063DBCF /* Project object */;
			proxyType = 1;
			remoteGlobalIDString = E74FE79121C555B70063DBCF;
			remoteInfo = Buggy;
		};
/* End PBXContainerItemProxy section */

/* Begin PBXFileReference section */
		E74FE79221C555B70063DBCF /* Buggy.app */ = {isa = PBXFileReference; explicitFileType = wrapper.application; includeInIndex = 0; path = Buggy.app; sourceTree = BUILT_PRODUCTS_DIR; };
		E74FE79521C555B70063DBCF /* AppDelegate.swift */ = {isa = PBXFileReference; lastKnownFileType = sourcecode.swift; path = AppDelegate.swift; sourceTree = "<group>"; };
		E74FE79721C555B70063DBCF /* ViewController.swift */ = {isa = PBXFileReference; lastKnownFileType = sourcecode.swift; path = ViewController.swift; sourceTree = "<group>"; };
		E74FE79A21C555B70063DBCF /* Base */ = {isa = PBXFileReference; lastKnownFileType = file.storyboard; name = Base; path = Base.lproj/Main.storyboard; sourceTree = "<group>"; };
		E74FE79C21C555B90063DBCF /* Assets.xcassets */ = {isa = PBXFileReference; lastKnownFileType = folder.assetcatalog; path = Assets.xcassets; sourceTree = "<group>"; };
		E74FE79F21C555B90063DBCF /* Base */ = {isa = PBXFileReference; lastKnownFileType = file.storyboard; name = Base; path = Base.lproj/LaunchScreen.storyboard; sourceTree = "<group>"; };
		E74FE7A121C555B90063DBCF /* Info.plist */ = {isa = PBXFileReference; lastKnownFileType = text.plist.xml; path = Info.plist; sourceTree = "<group>"; };
		E74FE7A621C555B90063DBCF /* BuggyTests.xctest */ = {isa = PBXFileReference; explicitFileType = wrapper.cfbundle; includeInIndex = 0; path = BuggyTests.xctest; sourceTree = BUILT_PRODUCTS_DIR; };
		E74FE7AA21C555B90063DBCF /* BuggyTests.swift */ = {isa = PBXFileReference; lastKnownFileType = sourcecode.swift; path = BuggyTests.swift; sourceTree = "<group>"; };
		E74FE7AC21C555B90063DBCF /* Info.plist */ = {isa = PBXFileReference; lastKnownFileType = text.plist.xml; path = Info.plist; sourceTree = "<group>"; };
		E74FE7B121C555B90063DBCF /* BuggyUITests.xctest */ = {isa = PBXFileReference; explicitFileType = wrapper.cfbundle; includeInIndex = 0; path = BuggyUITests.xctest; sourceTree = BUILT_PRODUCTS_DIR; };
		E74FE7B521C555B90063DBCF /* BuggyUITests.swift */ = {isa = PBXFileReference; lastKnownFileType = sourcecode.swift; path = BuggyUITests.swift; sourceTree = "<group>"; };
		E74FE7B721C555B90063DBCF /* Info.plist */ = {isa = PBXFileReference; lastKnownFileType = text.plist.xml; path = Info.plist; sourceTree = "<group>"; };
/* End PBXFileReference section */

/* Begin PBXFrameworksBuildPhase section */
		E74FE78F21C555B70063DBCF /* Frameworks */ = {
			isa = PBXFrameworksBuildPhase;
			buildActionMask = 2147483647;
			files = (
			);
			runOnlyForDeploymentPostprocessing = 0;
		};
		E74FE7A321C555B90063DBCF /* Frameworks */ = {
			isa = PBXFrameworksBuildPhase;
			buildActionMask = 2147483647;
			files = (
			);
			runOnlyForDeploymentPostprocessing = 0;
		};
		E74FE7AE21C555B90063DBCF /* Frameworks */ = {
			isa = PBXFrameworksBuildPhase;
			buildActionMask = 2147483647;
			files = (
			);
			runOnlyForDeploymentPostprocessing = 0;
		};
/* End PBXFrameworksBuildPhase section */

/* Begin PBXGroup section */
		E74FE78921C555B70063DBCF = {
			isa = PBXGroup;
			children = (
				E74FE79421C555B70063DBCF /* Buggy */,
				E74FE7A921C555B90063DBCF /* BuggyTests */,
				E74FE7B421C555B90063DBCF /* BuggyUITests */,
				E74FE79321C555B70063DBCF /* Products */,
			);
			sourceTree = "<group>";
		};
		E74FE79321C555B70063DBCF /* Products */ = {
			isa = PBXGroup;
			children = (
				E74FE79221C555B70063DBCF /* Buggy.app */,
				E74FE7A621C555B90063DBCF /* BuggyTests.xctest */,
				E74FE7B121C555B90063DBCF /* BuggyUITests.xctest */,
			);
			name = Products;
			sourceTree = "<group>";
		};
		E74FE79421C555B70063DBCF /* Buggy */ = {
			isa = PBXGroup;
			children = (
				E74FE79521C555B70063DBCF /* AppDelegate.swift */,
				E74FE79721C555B70063DBCF /* ViewController.swift */,
				E74FE79921C555B70063DBCF /* Main.storyboard */,
				E74FE79C21C555B90063DBCF /* Assets.xcassets */,
				E74FE79E21C555B90063DBCF /* LaunchScreen.storyboard */,
				E74FE7A121C555B90063DBCF /* Info.plist */,
			);
			path = Buggy;
			sourceTree = "<group>";
		};
		E74FE7A921C555B90063DBCF /* BuggyTests */ = {
			isa = PBXGroup;
			children = (
				E74FE7AA21C555B90063DBCF /* BuggyTests.swift */,
				E74FE7AC21C555B90063DBCF /* Info.plist */,
			);
			path = BuggyTests;
			sourceTree = "<group>";
		};
		E74FE7B421C555B90063DBCF /* BuggyUITests */ = {
			isa = PBXGroup;
			children = (
				E74FE7B521C555B90063DBCF /* BuggyUITests.swift */,
				E74FE7B721C555B90063DBCF /* Info.plist */,
			);
			path = BuggyUITests;
			sourceTree = "<group>";
		};
/* End PBXGroup section */

/* Begin PBXNativeTarget section */
		E74FE79121C555B70063DBCF /* Buggy */ = {
			isa = PBXNativeTarget;
			buildConfigurationList = E74FE7BA21C555B90063DBCF /* Build configuration list for PBXNativeTarget "Buggy" */;
			buildPhases = (
				E74FE78E21C555B70063DBCF /* Sources */,
				E74FE78F21C555B70063DBCF /* Frameworks */,
				E74FE79021C555B70063DBCF /* Resources */,
			);
			buildRules = (
			);
			dependencies = (
			);
			name = Buggy;
			productName = Buggy;
			productReference = E74FE79221C555B70063DBCF /* Buggy.app */;
			productType = "com.apple.product-type.application";
		};
		E74FE7A521C555B90063DBCF /* BuggyTests */ = {
			isa = PBXNativeTarget;
			buildConfigurationList = E74FE7BD21C555B90063DBCF /* Build configuration list for PBXNativeTarget "BuggyTests" */;
			buildPhases = (
				E74FE7A221C555B90063DBCF /* Sources */,
				E74FE7A321C555B90063DBCF /* Frameworks */,
				E74FE7A421C555B90063DBCF /* Resources */,
			);
			buildRules = (
			);
			dependencies = (
				E74FE7A821C555B90063DBCF /* PBXTargetDependency */,
			);
			name = BuggyTests;
			productName = BuggyTests;
			productReference = E74FE7A621C555B90063DBCF /* BuggyTests.xctest */;
			productType = "com.apple.product-type.bundle.unit-test";
		};
		E74FE7B021C555B90063DBCF /* BuggyUITests */ = {
			isa = PBXNativeTarget;
			buildConfigurationList = E74FE7C021C555B90063DBCF /* Build configuration list for PBXNativeTarget "BuggyUITests" */;
			buildPhases = (
				E74FE7AD21C555B90063DBCF /* Sources */,
				E74FE7AE21C555B90063DBCF /* Frameworks */,
				E74FE7AF21C555B90063DBCF /* Resources */,
			);
			buildRules = (
			);
			dependencies = (
				E74FE7B321C555B90063DBCF /* PBXTargetDependency */,
			);
			name = BuggyUITests;
			productName = BuggyUITests;
			productReference = E74FE7B121C555B90063DBCF /* BuggyUITests.xctest */;
			productType = "com.apple.product-type.bundle.ui-testing";
		};
/* End PBXNativeTarget section */

/* Begin PBXProject section */
		E74FE78A21C555B70063DBCF /* Project object */ = {
			isa = PBXProject;
			attributes = {
				LastSwiftUpdateCheck = 1010;
				LastUpgradeCheck = 1010;
				ORGANIZATIONNAME = "Saul Castillo";
				TargetAttributes = {
					E74FE79121C555B70063DBCF = {
						CreatedOnToolsVersion = 10.1;
					};
					E74FE7A521C555B90063DBCF = {
						CreatedOnToolsVersion = 10.1;
						TestTargetID = E74FE79121C555B70063DBCF;
					};
					E74FE7B021C555B90063DBCF = {
						CreatedOnToolsVersion = 10.1;
						TestTargetID = E74FE79121C555B70063DBCF;
					};
				};
			};
			buildConfigurationList = E74FE78D21C555B70063DBCF /* Build configuration list for PBXProject "Buggy" */;
			compatibilityVersion = "Xcode 9.3";
			developmentRegion = en;
			hasScannedForEncodings = 0;
			knownRegions = (
				en,
				Base,
			);
			mainGroup = E74FE78921C555B70063DBCF;
			productRefGroup = E74FE79321C555B70063DBCF /* Products */;
			projectDirPath = "";
			projectRoot = "";
			targets = (
				E74FE79121C555B70063DBCF /* Buggy */,
				E74FE7A521C555B90063DBCF /* BuggyTests */,
				E74FE7B021C555B90063DBCF /* BuggyUITests */,
			);
		};
/* End PBXProject section */

/* Begin PBXResourcesBuildPhase section */
		E74FE79021C555B70063DBCF /* Resources */ = {
			isa = PBXResourcesBuildPhase;
			buildActionMask = 2147483647;
			files = (
				E74FE7A021C555B90063DBCF /* LaunchScreen.storyboard in Resources */,
				E74FE79D21C555B90063DBCF /* Assets.xcassets in Resources */,
				E74FE79B21C555B70063DBCF /* Main.storyboard in Resources */,
			);
			runOnlyForDeploymentPostprocessing = 0;
		};
		E74FE7A421C555B90063DBCF /* Resources */ = {
			isa = PBXResourcesBuildPhase;
			buildActionMask = 2147483647;
			files = (
			);
			runOnlyForDeploymentPostprocessing = 0;
		};
		E74FE7AF21C555B90063DBCF /* Resources */ = {
			isa = PBXResourcesBuildPhase;
			buildActionMask = 2147483647;
			files = (
			);
			runOnlyForDeploymentPostprocessing = 0;
		};
/* End PBXResourcesBuildPhase section */

/* Begin PBXSourcesBuildPhase section */
		E74FE78E21C555B70063DBCF /* Sources */ = {
			isa = PBXSourcesBuildPhase;
			buildActionMask = 2147483647;
			files = (
				E74FE79821C555B70063DBCF /* ViewController.swift in Sources */,
				E74FE79621C555B70063DBCF /* AppDelegate.swift in Sources */,
			);
			runOnlyForDeploymentPostprocessing = 0;
		};
		E74FE7A221C555B90063DBCF /* Sources */ = {
			isa = PBXSourcesBuildPhase;
			buildActionMask = 2147483647;
			files = (
				E74FE7AB21C555B90063DBCF /* BuggyTests.swift in Sources */,
			);
			runOnlyForDeploymentPostprocessing = 0;
		};
		E74FE7AD21C555B90063DBCF /* Sources */ = {
			isa = PBXSourcesBuildPhase;
			buildActionMask = 2147483647;
			files = (
				E74FE7B621C555B90063DBCF /* BuggyUITests.swift in Sources */,
			);
			runOnlyForDeploymentPostprocessing = 0;
		};
/* End PBXSourcesBuildPhase section */

/* Begin PBXTargetDependency section */
		E74FE7A821C555B90063DBCF /* PBXTargetDependency */ = {
			isa = PBXTargetDependency;
			target = E74FE79121C555B70063DBCF /* Buggy */;
			targetProxy = E74FE7A721C555B90063DBCF /* PBXContainerItemProxy */;
		};
		E74FE7B321C555B90063DBCF /* PBXTargetDependency */ = {
			isa = PBXTargetDependency;
			target = E74FE79121C555B70063DBCF /* Buggy */;
			targetProxy = E74FE7B221C555B90063DBCF /* PBXContainerItemProxy */;
		};
/* End PBXTargetDependency section */

/* Begin PBXVariantGroup section */
		E74FE79921C555B70063DBCF /* Main.storyboard */ = {
			isa = PBXVariantGroup;
			children = (
				E74FE79A21C555B70063DBCF /* Base */,
			);
			name = Main.storyboard;
			sourceTree = "<group>";
		};
		E74FE79E21C555B90063DBCF /* LaunchScreen.storyboard */ = {
			isa = PBXVariantGroup;
			children = (
				E74FE79F21C555B90063DBCF /* Base */,
			);
			name = LaunchScreen.storyboard;
			sourceTree = "<group>";
		};
/* End PBXVariantGroup section */

/* Begin XCBuildConfiguration section */
		E74FE7B821C555B90063DBCF /* Debug */ = {
			isa = XCBuildConfiguration;
			buildSettings = {
				ALWAYS_SEARCH_USER_PATHS = NO;
				CLANG_ANALYZER_NONNULL = YES;
				CLANG_ANALYZER_NUMBER_OBJECT_CONVERSION = YES_AGGRESSIVE;
				CLANG_CXX_LANGUAGE_STANDARD = "gnu++14";
				CLANG_CXX_LIBRARY = "libc++";
				CLANG_ENABLE_MODULES = YES;
				CLANG_ENABLE_OBJC_ARC = YES;
				CLANG_ENABLE_OBJC_WEAK = YES;
				CLANG_WARN_BLOCK_CAPTURE_AUTORELEASING = YES;
				CLANG_WARN_BOOL_CONVERSION = YES;
				CLANG_WARN_COMMA = YES;
				CLANG_WARN_CONSTANT_CONVERSION = YES;
				CLANG_WARN_DEPRECATED_OBJC_IMPLEMENTATIONS = YES;
				CLANG_WARN_DIRECT_OBJC_ISA_USAGE = YES_ERROR;
				CLANG_WARN_DOCUMENTATION_COMMENTS = YES;
				CLANG_WARN_EMPTY_BODY = YES;
				CLANG_WARN_ENUM_CONVERSION = YES;
				CLANG_WARN_INFINITE_RECURSION = YES;
				CLANG_WARN_INT_CONVERSION = YES;
				CLANG_WARN_NON_LITERAL_NULL_CONVERSION = YES;
				CLANG_WARN_OBJC_IMPLICIT_RETAIN_SELF = YES;
				CLANG_WARN_OBJC_LITERAL_CONVERSION = YES;
				CLANG_WARN_OBJC_ROOT_CLASS = YES_ERROR;
				CLANG_WARN_RANGE_LOOP_ANALYSIS = YES;
				CLANG_WARN_STRICT_PROTOTYPES = YES;
				CLANG_WARN_SUSPICIOUS_MOVE = YES;
				CLANG_WARN_UNGUARDED_AVAILABILITY = YES_AGGRESSIVE;
				CLANG_WARN_UNREACHABLE_CODE = YES;
				CLANG_WARN__DUPLICATE_METHOD_MATCH = YES;
				CODE_SIGN_IDENTITY = "iPhone Developer";
				COPY_PHASE_STRIP = NO;
				DEBUG_INFORMATION_FORMAT = dwarf;
				ENABLE_STRICT_OBJC_MSGSEND = YES;
				ENABLE_TESTABILITY = YES;
				GCC_C_LANGUAGE_STANDARD = gnu11;
				GCC_DYNAMIC_NO_PIC = NO;
				GCC_NO_COMMON_BLOCKS = YES;
				GCC_OPTIMIZATION_LEVEL = 0;
				GCC_PREPROCESSOR_DEFINITIONS = (
					"DEBUG=1",
					"$(inherited)",
				);
				GCC_WARN_64_TO_32_BIT_CONVERSION = YES;
				GCC_WARN_ABOUT_RETURN_TYPE = YES_ERROR;
				GCC_WARN_UNDECLARED_SELECTOR = YES;
				GCC_WARN_UNINITIALIZED_AUTOS = YES_AGGRESSIVE;
				GCC_WARN_UNUSED_FUNCTION = YES;
				GCC_WARN_UNUSED_VARIABLE = YES;
				IPHONEOS_DEPLOYMENT_TARGET = 12.1;
				MTL_ENABLE_DEBUG_INFO = INCLUDE_SOURCE;
				MTL_FAST_MATH = YES;
				ONLY_ACTIVE_ARCH = YES;
				SDKROOT = iphoneos;
				SWIFT_ACTIVE_COMPILATION_CONDITIONS = DEBUG;
				SWIFT_OPTIMIZATION_LEVEL = "-Onone";
			};
			name = Debug;
		};
		E74FE7B921C555B90063DBCF /* Release */ = {
			isa = XCBuildConfiguration;
			buildSettings = {
				ALWAYS_SEARCH_USER_PATHS = NO;
				CLANG_ANALYZER_NONNULL = YES;
				CLANG_ANALYZER_NUMBER_OBJECT_CONVERSION = YES_AGGRESSIVE;
				CLANG_CXX_LANGUAGE_STANDARD = "gnu++14";
				CLANG_CXX_LIBRARY = "libc++";
				CLANG_ENABLE_MODULES = YES;
				CLANG_ENABLE_OBJC_ARC = YES;
				CLANG_ENABLE_OBJC_WEAK = YES;
				CLANG_WARN_BLOCK_CAPTURE_AUTORELEASING = YES;
				CLANG_WARN_BOOL_CONVERSION = YES;
				CLANG_WARN_COMMA = YES;
				CLANG_WARN_CONSTANT_CONVERSION = YES;
				CLANG_WARN_DEPRECATED_OBJC_IMPLEMENTATIONS = YES;
				CLANG_WARN_DIRECT_OBJC_ISA_USAGE = YES_ERROR;
				CLANG_WARN_DOCUMENTATION_COMMENTS = YES;
				CLANG_WARN_EMPTY_BODY = YES;
				CLANG_WARN_ENUM_CONVERSION = YES;
				CLANG_WARN_INFINITE_RECURSION = YES;
				CLANG_WARN_INT_CONVERSION = YES;
				CLANG_WARN_NON_LITERAL_NULL_CONVERSION = YES;
				CLANG_WARN_OBJC_IMPLICIT_RETAIN_SELF = YES;
				CLANG_WARN_OBJC_LITERAL_CONVERSION = YES;
				CLANG_WARN_OBJC_ROOT_CLASS = YES_ERROR;
				CLANG_WARN_RANGE_LOOP_ANALYSIS = YES;
				CLANG_WARN_STRICT_PROTOTYPES = YES;
				CLANG_WARN_SUSPICIOUS_MOVE = YES;
				CLANG_WARN_UNGUARDED_AVAILABILITY = YES_AGGRESSIVE;
				CLANG_WARN_UNREACHABLE_CODE = YES;
				CLANG_WARN__DUPLICATE_METHOD_MATCH = YES;
				CODE_SIGN_IDENTITY = "iPhone Developer";
				COPY_PHASE_STRIP = NO;
				DEBUG_INFORMATION_FORMAT = "dwarf-with-dsym";
				ENABLE_NS_ASSERTIONS = NO;
				ENABLE_STRICT_OBJC_MSGSEND = YES;
				GCC_C_LANGUAGE_STANDARD = gnu11;
				GCC_NO_COMMON_BLOCKS = YES;
				GCC_WARN_64_TO_32_BIT_CONVERSION = YES;
				GCC_WARN_ABOUT_RETURN_TYPE = YES_ERROR;
				GCC_WARN_UNDECLARED_SELECTOR = YES;
				GCC_WARN_UNINITIALIZED_AUTOS = YES_AGGRESSIVE;
				GCC_WARN_UNUSED_FUNCTION = YES;
				GCC_WARN_UNUSED_VARIABLE = YES;
				IPHONEOS_DEPLOYMENT_TARGET = 12.1;
				MTL_ENABLE_DEBUG_INFO = NO;
				MTL_FAST_MATH = YES;
				SDKROOT = iphoneos;
				SWIFT_COMPILATION_MODE = wholemodule;
				SWIFT_OPTIMIZATION_LEVEL = "-O";
				VALIDATE_PRODUCT = YES;
			};
			name = Release;
		};
		E74FE7BB21C555B90063DBCF /* Debug */ = {
			isa = XCBuildConfiguration;
			buildSettings = {
				ASSETCATALOG_COMPILER_APPICON_NAME = AppIcon;
				CODE_SIGN_STYLE = Automatic;
				INFOPLIST_FILE = Buggy/Info.plist;
				LD_RUNPATH_SEARCH_PATHS = (
					"$(inherited)",
					"@executable_path/Frameworks",
				);
				PRODUCT_BUNDLE_IDENTIFIER = Saulmx.Buggy;
				PRODUCT_NAME = "$(TARGET_NAME)";
				SWIFT_VERSION = 4.2;
				TARGETED_DEVICE_FAMILY = "1,2";
			};
			name = Debug;
		};
		E74FE7BC21C555B90063DBCF /* Release */ = {
			isa = XCBuildConfiguration;
			buildSettings = {
				ASSETCATALOG_COMPILER_APPICON_NAME = AppIcon;
				CODE_SIGN_STYLE = Automatic;
				INFOPLIST_FILE = Buggy/Info.plist;
				LD_RUNPATH_SEARCH_PATHS = (
					"$(inherited)",
					"@executable_path/Frameworks",
				);
				PRODUCT_BUNDLE_IDENTIFIER = Saulmx.Buggy;
				PRODUCT_NAME = "$(TARGET_NAME)";
				SWIFT_VERSION = 4.2;
				TARGETED_DEVICE_FAMILY = "1,2";
			};
			name = Release;
		};
		E74FE7BE21C555B90063DBCF /* Debug */ = {
			isa = XCBuildConfiguration;
			buildSettings = {
				ALWAYS_EMBED_SWIFT_STANDARD_LIBRARIES = YES;
				BUNDLE_LOADER = "$(TEST_HOST)";
				CODE_SIGN_STYLE = Automatic;
				INFOPLIST_FILE = BuggyTests/Info.plist;
				LD_RUNPATH_SEARCH_PATHS = (
					"$(inherited)",
					"@executable_path/Frameworks",
					"@loader_path/Frameworks",
				);
				PRODUCT_BUNDLE_IDENTIFIER = Saulmx.BuggyTests;
				PRODUCT_NAME = "$(TARGET_NAME)";
				SWIFT_VERSION = 4.2;
				TARGETED_DEVICE_FAMILY = "1,2";
				TEST_HOST = "$(BUILT_PRODUCTS_DIR)/Buggy.app/Buggy";
			};
			name = Debug;
		};
		E74FE7BF21C555B90063DBCF /* Release */ = {
			isa = XCBuildConfiguration;
			buildSettings = {
				ALWAYS_EMBED_SWIFT_STANDARD_LIBRARIES = YES;
				BUNDLE_LOADER = "$(TEST_HOST)";
				CODE_SIGN_STYLE = Automatic;
				INFOPLIST_FILE = BuggyTests/Info.plist;
				LD_RUNPATH_SEARCH_PATHS = (
					"$(inherited)",
					"@executable_path/Frameworks",
					"@loader_path/Frameworks",
				);
				PRODUCT_BUNDLE_IDENTIFIER = Saulmx.BuggyTests;
				PRODUCT_NAME = "$(TARGET_NAME)";
				SWIFT_VERSION = 4.2;
				TARGETED_DEVICE_FAMILY = "1,2";
				TEST_HOST = "$(BUILT_PRODUCTS_DIR)/Buggy.app/Buggy";
			};
			name = Release;
		};
		E74FE7C121C555B90063DBCF /* Debug */ = {
			isa = XCBuildConfiguration;
			buildSettings = {
				ALWAYS_EMBED_SWIFT_STANDARD_LIBRARIES = YES;
				CODE_SIGN_STYLE = Automatic;
				INFOPLIST_FILE = BuggyUITests/Info.plist;
				LD_RUNPATH_SEARCH_PATHS = (
					"$(inherited)",
					"@executable_path/Frameworks",
					"@loader_path/Frameworks",
				);
				PRODUCT_BUNDLE_IDENTIFIER = Saulmx.BuggyUITests;
				PRODUCT_NAME = "$(TARGET_NAME)";
				SWIFT_VERSION = 4.2;
				TARGETED_DEVICE_FAMILY = "1,2";
				TEST_TARGET_NAME = Buggy;
			};
			name = Debug;
		};
		E74FE7C221C555B90063DBCF /* Release */ = {
			isa = XCBuildConfiguration;
			buildSettings = {
				ALWAYS_EMBED_SWIFT_STANDARD_LIBRARIES = YES;
				CODE_SIGN_STYLE = Automatic;
				INFOPLIST_FILE = BuggyUITests/Info.plist;
				LD_RUNPATH_SEARCH_PATHS = (
					"$(inherited)",
					"@executable_path/Frameworks",
					"@loader_path/Frameworks",
				);
				PRODUCT_BUNDLE_IDENTIFIER = Saulmx.BuggyUITests;
				PRODUCT_NAME = "$(TARGET_NAME)";
				SWIFT_VERSION = 4.2;
				TARGETED_DEVICE_FAMILY = "1,2";
				TEST_TARGET_NAME = Buggy;
			};
			name = Release;
		};
/* End XCBuildConfiguration section */

/* Begin XCConfigurationList section */
		E74FE78D21C555B70063DBCF /* Build configuration list for PBXProject "Buggy" */ = {
			isa = XCConfigurationList;
			buildConfigurations = (
				E74FE7B821C555B90063DBCF /* Debug */,
				E74FE7B921C555B90063DBCF /* Release */,
			);
			defaultConfigurationIsVisible = 0;
			defaultConfigurationName = Release;
		};
		E74FE7BA21C555B90063DBCF /* Build configuration list for PBXNativeTarget "Buggy" */ = {
			isa = XCConfigurationList;
			buildConfigurations = (
				E74FE7BB21C555B90063DBCF /* Debug */,
				E74FE7BC21C555B90063DBCF /* Release */,
			);
			defaultConfigurationIsVisible = 0;
			defaultConfigurationName = Release;
		};
		E74FE7BD21C555B90063DBCF /* Build configuration list for PBXNativeTarget "BuggyTests" */ = {
			isa = XCConfigurationList;
			buildConfigurations = (
				E74FE7BE21C555B90063DBCF /* Debug */,
				E74FE7BF21C555B90063DBCF /* Release */,
			);
			defaultConfigurationIsVisible = 0;
			defaultConfigurationName = Release;
		};
		E74FE7C021C555B90063DBCF /* Build configuration list for PBXNativeTarget "BuggyUITests" */ = {
			isa = XCConfigurationList;
			buildConfigurations = (
				E74FE7C121C555B90063DBCF /* Debug */,
				E74FE7C221C555B90063DBCF /* Release */,
			);
			defaultConfigurationIsVisible = 0;
			defaultConfigurationName = Release;
		};
/* End XCConfigurationList section */
	};
	rootObject = E74FE78A21C555B70063DBCF /* Project object */;
}
